{
  "requires": true,
  "lockfileVersion": 1,
  "dependencies": {
    "@toast-ui/vue-editor": {
      "version": "1.1.1",
      "resolved": "https://registry.npm.taobao.org/@toast-ui/vue-editor/download/@toast-ui/vue-editor-1.1.1.tgz",
      "integrity": "sha1-7hFquVZMKy8Lm2HJrrADzWGsb0k=",
      "requires": {
        "tui-editor": "^1.3.0"
      }
    },
    "@types/codemirror": {
      "version": "0.0.71",
      "resolved": "https://registry.npm.taobao.org/@types/codemirror/download/@types/codemirror-0.0.71.tgz",
      "integrity": "sha1-hh8byzEAwKBkVnxUAPKYHPSujKc=",
      "requires": {
        "@types/tern": "*"
      }
    },
    "@types/estree": {
      "version": "0.0.42",
      "resolved": "https://registry.npm.taobao.org/@types/estree/download/@types/estree-0.0.42.tgz",
      "integrity": "sha1-jQwfSAM57+2z5GBw4i3WPgQw3RE="
    },
    "@types/jquery": {
      "version": "3.3.31",
      "resolved": "https://registry.npm.taobao.org/@types/jquery/download/@types/jquery-3.3.31.tgz",
      "integrity": "sha1-J8cG5L9IhHThy1SnHYMD83yTRRs=",
      "requires": {
        "@types/sizzle": "*"
      }
    },
    "@types/linkify-it": {
      "version": "2.1.0",
      "resolved": "https://registry.npm.taobao.org/@types/linkify-it/download/@types/linkify-it-2.1.0.tgz",
      "integrity": "sha1-6j3WTEgFWXMReQth6HLL0e0s2AY="
    },
    "@types/markdown-it": {
      "version": "0.0.7",
      "resolved": "https://registry.npm.taobao.org/@types/markdown-it/download/@types/markdown-it-0.0.7.tgz",
      "integrity": "sha1-dQcEhaPYrRHn3rgof0QwvhW/TTk=",
      "requires": {
        "@types/linkify-it": "*"
      }
    },
    "@types/sizzle": {
      "version": "2.3.2",
      "resolved": "https://registry.npm.taobao.org/@types/sizzle/download/@types/sizzle-2.3.2.tgz",
      "integrity": "sha1-qBG4wY4rq6t9VCszZYh64uTZ3kc="
    },
    "@types/tern": {
      "version": "0.23.3",
      "resolved": "https://registry.npm.taobao.org/@types/tern/download/@types/tern-0.23.3.tgz",
      "integrity": "sha1-S1RTjwSojJ/3neH2+U9XWn8zlGA=",
      "requires": {
        "@types/estree": "*"
      }
    },
    "argparse": {
      "version": "1.0.10",
      "resolved": "https://registry.npm.taobao.org/argparse/download/argparse-1.0.10.tgz",
      "integrity": "sha1-vNZ5HqWuCXJeF+WtmIE0zUCz2RE=",
      "requires": {
        "sprintf-js": "~1.0.2"
      }
    },
    "axios": {
      "version": "0.19.1",
      "resolved": "https://registry.npm.taobao.org/axios/download/axios-0.19.1.tgz",
      "integrity": "sha1-imoE7tI9/nJ0fh3UPGBLjxZ3tao=",
      "requires": {
        "follow-redirects": "1.5.10"
      }
    },
    "babel-polyfill": {
      "version": "6.26.0",
      "resolved": "https://registry.npm.taobao.org/babel-polyfill/download/babel-polyfill-6.26.0.tgz",
      "integrity": "sha1-N5k3q8Z9eJWXCtxiHyhM2WbPIVM=",
      "requires": {
        "babel-runtime": "^6.26.0",
        "core-js": "^2.5.0",
        "regenerator-runtime": "^0.10.5"
      }
    },
    "babel-runtime": {
      "version": "6.26.0",
      "resolved": "https://registry.npm.taobao.org/babel-runtime/download/babel-runtime-6.26.0.tgz",
      "integrity": "sha1-llxwWGaOgrVde/4E/yM3vItWR/4=",
      "requires": {
        "core-js": "^2.4.0",
        "regenerator-runtime": "^0.11.0"
      },
      "dependencies": {
        "regenerator-runtime": {
          "version": "0.11.1",
          "resolved": "https://registry.npm.taobao.org/regenerator-runtime/download/regenerator-runtime-0.11.1.tgz",
          "integrity": "sha1-vgWtf5v30i4Fb5cmzuUBf78Z4uk="
        }
      }
    },
    "codemirror": {
      "version": "5.51.0",
      "resolved": "https://registry.npm.taobao.org/codemirror/download/codemirror-5.51.0.tgz?cache=0&other_urls=https%3A%2F%2Fregistry.npm.taobao.org%2Fcodemirror%2Fdownload%2Fcodemirror-5.51.0.tgz",
      "integrity": "sha1-d0bKr1Ij5o9cVeoR4vPMgqmjkp4="
    },
    "core-js": {
      "version": "2.6.11",
      "resolved": "https://registry.npm.taobao.org/core-js/download/core-js-2.6.11.tgz?cache=0&sync_timestamp=1578957006406&other_urls=https%3A%2F%2Fregistry.npm.taobao.org%2Fcore-js%2Fdownload%2Fcore-js-2.6.11.tgz",
      "integrity": "sha1-OIMUafmSK97Y7iHJ3EaYXgOZMIw="
    },
    "debug": {
      "version": "3.1.0",
      "resolved": "https://registry.npm.taobao.org/debug/download/debug-3.1.0.tgz?cache=0&other_urls=https%3A%2F%2Fregistry.npm.taobao.org%2Fdebug%2Fdownload%2Fdebug-3.1.0.tgz",
      "integrity": "sha1-W7WgZyYotkFJVmuhaBnmFRjGcmE=",
      "requires": {
        "ms": "2.0.0"
      }
    },
    "entities": {
      "version": "1.1.2",
      "resolved": "https://registry.npm.taobao.org/entities/download/entities-1.1.2.tgz?cache=0&sync_timestamp=1563403318326&other_urls=https%3A%2F%2Fregistry.npm.taobao.org%2Fentities%2Fdownload%2Fentities-1.1.2.tgz",
      "integrity": "sha1-vfpzUplmTfr9NFKe1PhSKidf6lY="
    },
    "eve": {
      "version": "git://github.com/adobe-webplatform/eve.git#eef80ed8d188423c2272746fb8ae5cc8dad84cb1",
      "from": "git://github.com/adobe-webplatform/eve.git#eef80ed"
    },
    "follow-redirects": {
      "version": "1.5.10",
      "resolved": "https://registry.npm.taobao.org/follow-redirects/download/follow-redirects-1.5.10.tgz",
      "integrity": "sha1-e3qfmuov3/NnhqlP9kPtB/T/Xio=",
      "requires": {
        "debug": "=3.1.0"
      }
    },
    "highlight.js": {
      "version": "9.18.0",
      "resolved": "https://registry.npm.taobao.org/highlight.js/download/highlight.js-9.18.0.tgz",
      "integrity": "sha1-axdjz81TdEMTvT8x8SEPe+uWLHk="
    },
    "highlight.js-async-webpack": {
      "version": "1.0.4",
      "resolved": "https://registry.npm.taobao.org/highlight.js-async-webpack/download/highlight.js-async-webpack-1.0.4.tgz",
      "integrity": "sha1-wGtnv5nwSQRdYrdW5YVbCRLsYWw="
    },
    "jquery": {
      "version": "3.4.1",
      "resolved": "https://registry.npm.taobao.org/jquery/download/jquery-3.4.1.tgz",
      "integrity": "sha1-cU8fjZ3eS9+lV2S6N+8hRjDYDvI="
    },
    "linkify-it": {
      "version": "2.2.0",
      "resolved": "https://registry.npm.taobao.org/linkify-it/download/linkify-it-2.2.0.tgz",
      "integrity": "sha1-47VGl+eL+RXHCjis14/QngBYsc8=",
      "requires": {
        "uc.micro": "^1.0.1"
      }
    },
    "markdown-it": {
      "version": "9.1.0",
      "resolved": "https://registry.npm.taobao.org/markdown-it/download/markdown-it-9.1.0.tgz",
      "integrity": "sha1-35YBwWhWhwTVVLH/+a8MW1YRaNk=",
      "requires": {
        "argparse": "^1.0.7",
        "entities": "~1.1.1",
        "linkify-it": "^2.0.0",
        "mdurl": "^1.0.1",
        "uc.micro": "^1.0.5"
      }
    },
    "mavon-editor": {
      "version": "2.7.7",
      "resolved": "https://registry.npm.taobao.org/mavon-editor/download/mavon-editor-2.7.7.tgz",
      "integrity": "sha1-a0kcr2+rq6y2mIOlMQ3IrSUfHJ4=",
      "requires": {
        "highlight.js": "^9.11.0",
        "highlight.js-async-webpack": "^1.0.4"
      }
    },
    "mdurl": {
      "version": "1.0.1",
      "resolved": "https://registry.npm.taobao.org/mdurl/download/mdurl-1.0.1.tgz",
      "integrity": "sha1-/oWy7HWlkDfyrf7BAP1sYBdhFS4="
    },
    "ms": {
      "version": "2.0.0",
      "resolved": "https://registry.npm.taobao.org/ms/download/ms-2.0.0.tgz",
      "integrity": "sha1-VgiurfwAvmwpAd9fmGF4jeDVl8g="
    },
    "plantuml-encoder": {
      "version": "1.4.0",
      "resolved": "https://registry.npm.taobao.org/plantuml-encoder/download/plantuml-encoder-1.4.0.tgz",
      "integrity": "sha1-eJkwLPeF3pVr8aFn4VQg/u5Zdfc="
    },
    "raphael": {
      "version": "git+https://github.com/nhn/raphael.git#78a6ed3ec269f33b6457b0ec66f8c3d1f2ed70e0",
      "from": "git+https://github.com/nhn/raphael.git#2.2.0-c",
      "requires": {
        "eve": "git://github.com/adobe-webplatform/eve.git#eef80ed"
      }
    },
    "regenerator-runtime": {
      "version": "0.10.5",
      "resolved": "https://registry.npm.taobao.org/regenerator-runtime/download/regenerator-runtime-0.10.5.tgz",
      "integrity": "sha1-M2w+/BIgrc7dosn6tntaeVWjNlg="
    },
    "resize-observer-polyfill": {
      "version": "1.5.1",
      "resolved": "https://registry.npm.taobao.org/resize-observer-polyfill/download/resize-observer-polyfill-1.5.1.tgz",
      "integrity": "sha1-DpAg3T0hAkRY1OvSfiPkAmmBBGQ="
    },
    "sprintf-js": {
      "version": "1.0.3",
      "resolved": "https://registry.npm.taobao.org/sprintf-js/download/sprintf-js-1.0.3.tgz",
      "integrity": "sha1-BOaSb2YolTVPPdAVIDYzuFcpfiw="
    },
    "squire-rte": {
      "version": "github:seonim-ryu/Squire#fd40b4e3020845825701e9689f190bab3f4775d4",
      "from": "github:seonim-ryu/Squire#fd40b4e3020845825701e9689f190bab3f4775d4"
    },
    "to-mark": {
      "version": "1.1.9",
      "resolved": "https://registry.npm.taobao.org/to-mark/download/to-mark-1.1.9.tgz",
      "integrity": "sha1-LPvI52XEMN3LRqIYvgebTKJ3PVs="
    },
    "tui-chart": {
      "version": "3.9.0",
      "resolved": "https://registry.npm.taobao.org/tui-chart/download/tui-chart-3.9.0.tgz",
      "integrity": "sha1-t31xfKbcu41dqiziR0JOwJiyHEQ=",
      "requires": {
        "babel-polyfill": "^6.26.0",
        "raphael": "git+https://github.com/nhn/raphael.git#2.2.0-c",
        "tui-code-snippet": "^1.5.0"
      }
    },
    "tui-code-snippet": {
      "version": "1.5.2",
      "resolved": "https://registry.npm.taobao.org/tui-code-snippet/download/tui-code-snippet-1.5.2.tgz?cache=0&sync_timestamp=1580191947111&other_urls=https%3A%2F%2Fregistry.npm.taobao.org%2Ftui-code-snippet%2Fdownload%2Ftui-code-snippet-1.5.2.tgz",
      "integrity": "sha1-9Ljw8ayZawtbYh93yVB68ZoN4jg="
    },
    "tui-color-picker": {
      "version": "2.2.6",
      "resolved": "https://registry.npm.taobao.org/tui-color-picker/download/tui-color-picker-2.2.6.tgz",
      "integrity": "sha1-urVORzgOVQuzrIrpdAIbPMJRiqk=",
      "requires": {
        "tui-code-snippet": "^2.2.0"
      },
      "dependencies": {
        "tui-code-snippet": {
          "version": "2.3.0",
          "resolved": "https://registry.npm.taobao.org/tui-code-snippet/download/tui-code-snippet-2.3.0.tgz?cache=0&sync_timestamp=1580191947111&other_urls=https%3A%2F%2Fregistry.npm.taobao.org%2Ftui-code-snippet%2Fdownload%2Ftui-code-snippet-2.3.0.tgz",
          "integrity": "sha1-9agd0K6o/REDQLlv3hrR78PuVA8="
        }
      }
    },
    "tui-editor": {
      "version": "1.4.10",
      "resolved": "https://registry.npm.taobao.org/tui-editor/download/tui-editor-1.4.10.tgz?cache=0&sync_timestamp=1576134304450&other_urls=https%3A%2F%2Fregistry.npm.taobao.org%2Ftui-editor%2Fdownload%2Ftui-editor-1.4.10.tgz",
      "integrity": "sha1-xprBWEL4GSdIV/GEMA0k8KXtZxc=",
      "requires": {
        "@types/codemirror": "0.0.71",
        "@types/jquery": "^3.3.29",
        "@types/markdown-it": "0.0.7",
        "codemirror": "^5.48.4",
        "highlight.js": "^9.12.0",
        "jquery": "^3.3.1",
        "markdown-it": "^9.0.0",
        "plantuml-encoder": "^1.2.5",
        "resize-observer-polyfill": "^1.5.0",
        "squire-rte": "github:seonim-ryu/Squire#fd40b4e3020845825701e9689f190bab3f4775d4",
        "to-mark": "^1.1.9",
        "tui-chart": "^3.7.0",
        "tui-code-snippet": "^1.5.0",
        "tui-color-picker": "^2.2.1"
      }
    },
    "uc.micro": {
      "version": "1.0.6",
      "resolved": "https://registry.npm.taobao.org/uc.micro/download/uc.micro-1.0.6.tgz",
      "integrity": "sha1-nEEagCpAmpH8bPdAgbq6NLJEmaw="
    }
  }
}
